
Microsoft Visual Studio Solution File, Format Version 12.00
# Visual Studio 15
VisualStudioVersion = 15.0.28010.2026
MinimumVisualStudioVersion = 10.0.40219.1
Project("{FAE04EC0-301F-11D3-BF4B-00C04F79EFBC}") = "Eda_Hw1", "Eda_Hw1\Eda_Hw1.csproj", "{1C888200-70F4-4873-B490-3ACB0947EC88}"
EndProject
Global
	GlobalSection(SolutionConfigurationPlatforms) = preSolution
		Debug|Any CPU = Debug|Any CPU
		Release|Any CPU = Release|Any CPU
	EndGlobalSection
	GlobalSection(ProjectConfigurationPlatforms) = postSolution
		{1C888200-70F4-4873-B490-3ACB0947EC88}.Debug|Any CPU.ActiveCfg = Debug|Any CPU
		{1C888200-70F4-4873-B490-3ACB0947EC88}.Debug|Any CPU.Build.0 = Debug|Any CPU
		{1C888200-70F4-4873-B490-3ACB0947EC88}.Release|Any CPU.ActiveCfg = Release|Any CPU
		{1C888200-70F4-4873-B490-3ACB0947EC88}.Release|Any CPU.Build.0 = Release|Any CPU
	EndGlobalSection
	GlobalSection(SolutionProperties) = preSolution
		HideSolutionNode = FALSE
	EndGlobalSection
	GlobalSection(ExtensibilityGlobals) = postSolution
		SolutionGuid = {9B391D65-8EFF-4677-BBBD-8CFE378E9B82}
	EndGlobalSection
EndGlobal
